
Microsoft Visual Studio Solution File, Format Version 12.00
# Visual Studio Version 17
VisualStudioVersion = 17.4.33122.133
MinimumVisualStudioVersion = 10.0.40219.1
Project("{FAE04EC0-301F-11D3-BF4B-00C04F79EFBC}") = "Probleme - setul 2", "Probleme - setul 2\Probleme - setul 2.csproj", "{12DB0E44-031D-4782-93F2-C99A81AB7703}"
EndProject
Global
	GlobalSection(SolutionConfigurationPlatforms) = preSolution
		Debug|Any CPU = Debug|Any CPU
		Release|Any CPU = Release|Any CPU
	EndGlobalSection
	GlobalSection(ProjectConfigurationPlatforms) = postSolution
		{12DB0E44-031D-4782-93F2-C99A81AB7703}.Debug|Any CPU.ActiveCfg = Debug|Any CPU
		{12DB0E44-031D-4782-93F2-C99A81AB7703}.Debug|Any CPU.Build.0 = Debug|Any CPU
		{12DB0E44-031D-4782-93F2-C99A81AB7703}.Release|Any CPU.ActiveCfg = Release|Any CPU
		{12DB0E44-031D-4782-93F2-C99A81AB7703}.Release|Any CPU.Build.0 = Release|Any CPU
	EndGlobalSection
	GlobalSection(SolutionProperties) = preSolution
		HideSolutionNode = FALSE
	EndGlobalSection
	GlobalSection(ExtensibilityGlobals) = postSolution
		SolutionGuid = {7396D7D2-CF3B-4DCB-86A8-CE120916EDF1}
	EndGlobalSection
EndGlobal
